
Microsoft Visual Studio Solution File, Format Version 12.00
# Visual Studio Version 17
VisualStudioVersion = 17.4.33122.133
MinimumVisualStudioVersion = 10.0.40219.1
Project("{FAE04EC0-301F-11D3-BF4B-00C04F79EFBC}") = "AppCalculadora.Android", "AppCalculadora\AppCalculadora.Android\AppCalculadora.Android.csproj", "{D3E4CBF9-2973-46BE-A4EB-236DC376D6CD}"
EndProject
Project("{FAE04EC0-301F-11D3-BF4B-00C04F79EFBC}") = "AppCalculadora", "AppCalculadora\AppCalculadora\AppCalculadora.csproj", "{A5BEA8C9-CC85-4D07-8840-494A1DA6266A}"
EndProject
Global
	GlobalSection(SolutionConfigurationPlatforms) = preSolution
		Debug|Any CPU = Debug|Any CPU
		Release|Any CPU = Release|Any CPU
	EndGlobalSection
	GlobalSection(ProjectConfigurationPlatforms) = postSolution
		{D3E4CBF9-2973-46BE-A4EB-236DC376D6CD}.Debug|Any CPU.ActiveCfg = Debug|Any CPU
		{D3E4CBF9-2973-46BE-A4EB-236DC376D6CD}.Debug|Any CPU.Build.0 = Debug|Any CPU
		{D3E4CBF9-2973-46BE-A4EB-236DC376D6CD}.Debug|Any CPU.Deploy.0 = Debug|Any CPU
		{D3E4CBF9-2973-46BE-A4EB-236DC376D6CD}.Release|Any CPU.ActiveCfg = Release|Any CPU
		{D3E4CBF9-2973-46BE-A4EB-236DC376D6CD}.Release|Any CPU.Build.0 = Release|Any CPU
		{D3E4CBF9-2973-46BE-A4EB-236DC376D6CD}.Release|Any CPU.Deploy.0 = Release|Any CPU
		{A5BEA8C9-CC85-4D07-8840-494A1DA6266A}.Debug|Any CPU.ActiveCfg = Debug|Any CPU
		{A5BEA8C9-CC85-4D07-8840-494A1DA6266A}.Debug|Any CPU.Build.0 = Debug|Any CPU
		{A5BEA8C9-CC85-4D07-8840-494A1DA6266A}.Debug|Any CPU.Deploy.0 = Debug|Any CPU
		{A5BEA8C9-CC85-4D07-8840-494A1DA6266A}.Release|Any CPU.ActiveCfg = Release|Any CPU
		{A5BEA8C9-CC85-4D07-8840-494A1DA6266A}.Release|Any CPU.Build.0 = Release|Any CPU
		{A5BEA8C9-CC85-4D07-8840-494A1DA6266A}.Release|Any CPU.Deploy.0 = Release|Any CPU
	EndGlobalSection
	GlobalSection(SolutionProperties) = preSolution
		HideSolutionNode = FALSE
	EndGlobalSection
	GlobalSection(ExtensibilityGlobals) = postSolution
		SolutionGuid = {5F34DA1D-2298-4E43-8636-B27EBD541EF9}
	EndGlobalSection
EndGlobal
